
Microsoft Visual Studio Solution File, Format Version 12.00
# Visual Studio Version 16
VisualStudioVersion = 16.0.30804.86
MinimumVisualStudioVersion = 10.0.40219.1
Project("{2150E333-8FDC-42A3-9474-1A3956D46DE8}") = "BusinessLayer", "BusinessLayer", "{9B91F7CE-64C8-40AD-B756-DBA07B5543D6}"
EndProject
Project("{2150E333-8FDC-42A3-9474-1A3956D46DE8}") = "PresentationLayer", "PresentationLayer", "{65E8C534-0AB5-46B3-965D-9C4D1B104240}"
EndProject
Project("{2150E333-8FDC-42A3-9474-1A3956D46DE8}") = "DataAccessLayer", "DataAccessLayer", "{1EA57D6B-7168-474B-8061-AC6F5104F821}"
EndProject
Project("{2150E333-8FDC-42A3-9474-1A3956D46DE8}") = "ServiceLayer", "ServiceLayer", "{43C68329-4553-45FB-9A52-64883CB0768A}"
EndProject
Project("{2150E333-8FDC-42A3-9474-1A3956D46DE8}") = "SharedLibraries", "SharedLibraries", "{9A0DDA7C-09C2-45AB-9504-C96EA9602EF7}"
EndProject
Project("{FAE04EC0-301F-11D3-BF4B-00C04F79EFBC}") = "DAL", "DAL\DAL.csproj", "{9DE3236B-4B03-4E12-9C48-0BBC045BEC3D}"
EndProject
Project("{FAE04EC0-301F-11D3-BF4B-00C04F79EFBC}") = "UI.WPF", "UI.WPF\UI.WPF.csproj", "{8DBECF1A-305E-4489-9F3F-8DB7F2B0B05B}"
EndProject
Project("{FAE04EC0-301F-11D3-BF4B-00C04F79EFBC}") = "Services", "Services\Services.csproj", "{6DBD6C28-D6AB-48B4-9E92-7BEB7B5CAE3B}"
EndProject
Global
	GlobalSection(SolutionConfigurationPlatforms) = preSolution
		Debug|Any CPU = Debug|Any CPU
		Release|Any CPU = Release|Any CPU
	EndGlobalSection
	GlobalSection(ProjectConfigurationPlatforms) = postSolution
		{9DE3236B-4B03-4E12-9C48-0BBC045BEC3D}.Debug|Any CPU.ActiveCfg = Debug|Any CPU
		{9DE3236B-4B03-4E12-9C48-0BBC045BEC3D}.Debug|Any CPU.Build.0 = Debug|Any CPU
		{9DE3236B-4B03-4E12-9C48-0BBC045BEC3D}.Release|Any CPU.ActiveCfg = Release|Any CPU
		{9DE3236B-4B03-4E12-9C48-0BBC045BEC3D}.Release|Any CPU.Build.0 = Release|Any CPU
		{8DBECF1A-305E-4489-9F3F-8DB7F2B0B05B}.Debug|Any CPU.ActiveCfg = Debug|Any CPU
		{8DBECF1A-305E-4489-9F3F-8DB7F2B0B05B}.Debug|Any CPU.Build.0 = Debug|Any CPU
		{8DBECF1A-305E-4489-9F3F-8DB7F2B0B05B}.Release|Any CPU.ActiveCfg = Release|Any CPU
		{8DBECF1A-305E-4489-9F3F-8DB7F2B0B05B}.Release|Any CPU.Build.0 = Release|Any CPU
		{6DBD6C28-D6AB-48B4-9E92-7BEB7B5CAE3B}.Debug|Any CPU.ActiveCfg = Debug|Any CPU
		{6DBD6C28-D6AB-48B4-9E92-7BEB7B5CAE3B}.Debug|Any CPU.Build.0 = Debug|Any CPU
		{6DBD6C28-D6AB-48B4-9E92-7BEB7B5CAE3B}.Release|Any CPU.ActiveCfg = Release|Any CPU
		{6DBD6C28-D6AB-48B4-9E92-7BEB7B5CAE3B}.Release|Any CPU.Build.0 = Release|Any CPU
	EndGlobalSection
	GlobalSection(SolutionProperties) = preSolution
		HideSolutionNode = FALSE
	EndGlobalSection
	GlobalSection(NestedProjects) = preSolution
		{9DE3236B-4B03-4E12-9C48-0BBC045BEC3D} = {1EA57D6B-7168-474B-8061-AC6F5104F821}
		{8DBECF1A-305E-4489-9F3F-8DB7F2B0B05B} = {65E8C534-0AB5-46B3-965D-9C4D1B104240}
		{6DBD6C28-D6AB-48B4-9E92-7BEB7B5CAE3B} = {43C68329-4553-45FB-9A52-64883CB0768A}
	EndGlobalSection
	GlobalSection(ExtensibilityGlobals) = postSolution
		SolutionGuid = {ED3538C5-7953-4562-B91F-82DABB0A66DA}
	EndGlobalSection
EndGlobal
